
Microsoft Visual Studio Solution File, Format Version 12.00
# Visual Studio 14
VisualStudioVersion = 14.0.25123.0
MinimumVisualStudioVersion = 10.0.40219.1
Project("{2150E333-8FDC-42A3-9474-1A3956D46DE8}") = "CubiSoft.Samples.Mvvm.Windows", "CubiSoft.Samples.Mvvm.Windows", "{2FAE3D6F-8473-40AC-B4B4-4D2DF5C0DBA6}"
EndProject
Project("{D954291E-2A0B-460D-934E-DC6B0785DB48}") = "CubiSoft.Samples.Mvvm.Client.Windows.Shared", "CubiSoft.Samples.Mvvm.Client\CubiSoft.Samples.Mvvm.Client.Shared\CubiSoft.Samples.Mvvm.Client.Windows.Shared.shproj", "{47FFB32E-1326-4FD6-B5C0-CA2FB5779399}"
EndProject
Project("{FAE04EC0-301F-11D3-BF4B-00C04F79EFBC}") = "CubiSoft.Samples.Mvvm.Client.Windows", "CubiSoft.Samples.Mvvm.Client\CubiSoft.Samples.Mvvm.Client.Windows\CubiSoft.Samples.Mvvm.Client.Windows.csproj", "{B480E428-FC1E-4A04-91CB-2DA661410FD6}"
EndProject
Project("{FAE04EC0-301F-11D3-BF4B-00C04F79EFBC}") = "CubiSoft.Samples.Mvvm.Client.WindowsPhone", "CubiSoft.Samples.Mvvm.Client\CubiSoft.Samples.Mvvm.Client.WindowsPhone\CubiSoft.Samples.Mvvm.Client.WindowsPhone.csproj", "{CB02FC60-BFB9-49AD-8BC2-441981455575}"
EndProject
Project("{FAE04EC0-301F-11D3-BF4B-00C04F79EFBC}") = "CubiSoft.Samples.Mvvm.Client.Core", "CubiSoft.Samples.Mvvm.Client.Core\CubiSoft.Samples.Mvvm.Client.Core.csproj", "{E923AF06-181F-4EE4-A580-43B204771558}"
EndProject
Project("{2150E333-8FDC-42A3-9474-1A3956D46DE8}") = "CubiSoft.Samples.Mvvm.iOS", "CubiSoft.Samples.Mvvm.iOS", "{35D3D9C9-6488-4FD6-A9DC-FA3CF14A2A8F}"
EndProject
Project("{2150E333-8FDC-42A3-9474-1A3956D46DE8}") = "CubiSoft.Samples.Mvvm.Droid", "CubiSoft.Samples.Mvvm.Droid", "{74A5E7E1-F02F-44FC-869B-1558E9A5A69C}"
EndProject
Project("{2150E333-8FDC-42A3-9474-1A3956D46DE8}") = "CubiSoft.Samples.Mvvm.Uwp", "CubiSoft.Samples.Mvvm.Uwp", "{18AEB4BE-AFD5-470F-B0D6-B37242CC02D8}"
EndProject
Project("{FAE04EC0-301F-11D3-BF4B-00C04F79EFBC}") = "CubiSoft.Samples.Mvvm.Client.Droid", "CubiSoft.Samples.Mvvm.Client.Droid\CubiSoft.Samples.Mvvm.Client.Droid.csproj", "{7D7DB65E-433C-4550-B98B-E300E4BF09D2}"
EndProject
Project("{FAE04EC0-301F-11D3-BF4B-00C04F79EFBC}") = "CubiSoft.Samples.Mvvm.Client.iOS", "CubiSoft.Samples.Mvvm.Client.iOS\CubiSoft.Samples.Mvvm.Client.iOS.csproj", "{FF014B69-8BF0-454D-B453-FB273260DADB}"
EndProject
Project("{FAE04EC0-301F-11D3-BF4B-00C04F79EFBC}") = "CubiSoft.Samples.Mvvm.Client.UWP", "CubiSoft.Samples.Mvvm.Client.UWP\CubiSoft.Samples.Mvvm.Client.UWP.csproj", "{000560EC-1A6C-4FE1-81A0-96C9128CB7F9}"
EndProject
Project("{2150E333-8FDC-42A3-9474-1A3956D46DE8}") = "Native", "Native", "{36C8ED3C-3221-4DCA-ACAC-B3F2EA5923E2}"
EndProject
Project("{2150E333-8FDC-42A3-9474-1A3956D46DE8}") = "Forms", "Forms", "{0AFEF9CD-7F0A-42C0-96BE-FD9DE5DD5DF4}"
EndProject
Project("{FAE04EC0-301F-11D3-BF4B-00C04F79EFBC}") = "CubiSoft.Samples.Mvvm.Client.Forms", "CubiSoft.Samples.Mvvm.Client.Forms\CubiSoft.Samples.Mvvm.Client.Forms\CubiSoft.Samples.Mvvm.Client.Forms.csproj", "{3236EA99-743A-4804-A56F-156F1240ABCD}"
EndProject
Project("{FAE04EC0-301F-11D3-BF4B-00C04F79EFBC}") = "CubiSoft.Samples.Mvvm.Client.Forms.Android", "CubiSoft.Samples.Mvvm.Client.Forms\CubiSoft.Samples.Mvvm.Client.Forms.Android\CubiSoft.Samples.Mvvm.Client.Forms.Android.csproj", "{9DDF0851-5C6E-4201-A69C-0EDCD0103AE2}"
EndProject
Project("{FAE04EC0-301F-11D3-BF4B-00C04F79EFBC}") = "CubiSoft.Samples.Mvvm.Client.Forms.iOS", "CubiSoft.Samples.Mvvm.Client.Forms\CubiSoft.Samples.Mvvm.Client.Forms.iOS\CubiSoft.Samples.Mvvm.Client.Forms.iOS.csproj", "{B8725AAE-5A35-4BF0-9C22-139A17254415}"
EndProject
Project("{FAE04EC0-301F-11D3-BF4B-00C04F79EFBC}") = "CubiSoft.Samples.Mvvm.Client.Forms.UWP", "CubiSoft.Samples.Mvvm.Client.Forms\CubiSoft.Samples.Mvvm.Client.Forms.UWP\CubiSoft.Samples.Mvvm.Client.Forms.UWP.csproj", "{3A9EFC06-1765-4428-84A3-009B696B0CD8}"
EndProject
Global
	GlobalSection(SharedMSBuildProjectFiles) = preSolution
		CubiSoft.Samples.Mvvm.Client\CubiSoft.Samples.Mvvm.Client.Shared\CubiSoft.Samples.Mvvm.Client.Shared.projitems*{47ffb32e-1326-4fd6-b5c0-ca2fb5779399}*SharedItemsImports = 13
		CubiSoft.Samples.Mvvm.Client\CubiSoft.Samples.Mvvm.Client.Shared\CubiSoft.Samples.Mvvm.Client.Shared.projitems*{cb02fc60-bfb9-49ad-8bc2-441981455575}*SharedItemsImports = 4
		CubiSoft.Samples.Mvvm.Client\CubiSoft.Samples.Mvvm.Client.Shared\CubiSoft.Samples.Mvvm.Client.Shared.projitems*{b480e428-fc1e-4a04-91cb-2da661410fd6}*SharedItemsImports = 4
	EndGlobalSection
	GlobalSection(SolutionConfigurationPlatforms) = preSolution
		Ad-Hoc|Any CPU = Ad-Hoc|Any CPU
		Ad-Hoc|ARM = Ad-Hoc|ARM
		Ad-Hoc|iPhone = Ad-Hoc|iPhone
		Ad-Hoc|iPhoneSimulator = Ad-Hoc|iPhoneSimulator
		Ad-Hoc|x64 = Ad-Hoc|x64
		Ad-Hoc|x86 = Ad-Hoc|x86
		AppStore|Any CPU = AppStore|Any CPU
		AppStore|ARM = AppStore|ARM
		AppStore|iPhone = AppStore|iPhone
		AppStore|iPhoneSimulator = AppStore|iPhoneSimulator
		AppStore|x64 = AppStore|x64
		AppStore|x86 = AppStore|x86
		Debug|Any CPU = Debug|Any CPU
		Debug|ARM = Debug|ARM
		Debug|iPhone = Debug|iPhone
		Debug|iPhoneSimulator = Debug|iPhoneSimulator
		Debug|x64 = Debug|x64
		Debug|x86 = Debug|x86
		Release|Any CPU = Release|Any CPU
		Release|ARM = Release|ARM
		Release|iPhone = Release|iPhone
		Release|iPhoneSimulator = Release|iPhoneSimulator
		Release|x64 = Release|x64
		Release|x86 = Release|x86
	EndGlobalSection
	GlobalSection(ProjectConfigurationPlatforms) = postSolution
		{B480E428-FC1E-4A04-91CB-2DA661410FD6}.Ad-Hoc|Any CPU.ActiveCfg = Release|Any CPU
		{B480E428-FC1E-4A04-91CB-2DA661410FD6}.Ad-Hoc|Any CPU.Build.0 = Release|Any CPU
		{B480E428-FC1E-4A04-91CB-2DA661410FD6}.Ad-Hoc|Any CPU.Deploy.0 = Release|Any CPU
		{B480E428-FC1E-4A04-91CB-2DA661410FD6}.Ad-Hoc|ARM.ActiveCfg = Release|ARM
		{B480E428-FC1E-4A04-91CB-2DA661410FD6}.Ad-Hoc|ARM.Build.0 = Release|ARM
		{B480E428-FC1E-4A04-91CB-2DA661410FD6}.Ad-Hoc|ARM.Deploy.0 = Release|ARM
		{B480E428-FC1E-4A04-91CB-2DA661410FD6}.Ad-Hoc|iPhone.ActiveCfg = Release|Any CPU
		{B480E428-FC1E-4A04-91CB-2DA661410FD6}.Ad-Hoc|iPhone.Build.0 = Release|Any CPU
		{B480E428-FC1E-4A04-91CB-2DA661410FD6}.Ad-Hoc|iPhone.Deploy.0 = Release|Any CPU
		{B480E428-FC1E-4A04-91CB-2DA661410FD6}.Ad-Hoc|iPhoneSimulator.ActiveCfg = Release|Any CPU
		{B480E428-FC1E-4A04-91CB-2DA661410FD6}.Ad-Hoc|iPhoneSimulator.Build.0 = Release|Any CPU
		{B480E428-FC1E-4A04-91CB-2DA661410FD6}.Ad-Hoc|iPhoneSimulator.Deploy.0 = Release|Any CPU
		{B480E428-FC1E-4A04-91CB-2DA661410FD6}.Ad-Hoc|x64.ActiveCfg = Release|x64
		{B480E428-FC1E-4A04-91CB-2DA661410FD6}.Ad-Hoc|x64.Build.0 = Release|x64
		{B480E428-FC1E-4A04-91CB-2DA661410FD6}.Ad-Hoc|x64.Deploy.0 = Release|x64
		{B480E428-FC1E-4A04-91CB-2DA661410FD6}.Ad-Hoc|x86.ActiveCfg = Release|x86
		{B480E428-FC1E-4A04-91CB-2DA661410FD6}.Ad-Hoc|x86.Build.0 = Release|x86
		{B480E428-FC1E-4A04-91CB-2DA661410FD6}.Ad-Hoc|x86.Deploy.0 = Release|x86
		{B480E428-FC1E-4A04-91CB-2DA661410FD6}.AppStore|Any CPU.ActiveCfg = Release|Any CPU
		{B480E428-FC1E-4A04-91CB-2DA661410FD6}.AppStore|Any CPU.Build.0 = Release|Any CPU
		{B480E428-FC1E-4A04-91CB-2DA661410FD6}.AppStore|Any CPU.Deploy.0 = Release|Any CPU
		{B480E428-FC1E-4A04-91CB-2DA661410FD6}.AppStore|ARM.ActiveCfg = Release|ARM
		{B480E428-FC1E-4A04-91CB-2DA661410FD6}.AppStore|ARM.Build.0 = Release|ARM
		{B480E428-FC1E-4A04-91CB-2DA661410FD6}.AppStore|ARM.Deploy.0 = Release|ARM
		{B480E428-FC1E-4A04-91CB-2DA661410FD6}.AppStore|iPhone.ActiveCfg = Release|Any CPU
		{B480E428-FC1E-4A04-91CB-2DA661410FD6}.AppStore|iPhone.Build.0 = Release|Any CPU
		{B480E428-FC1E-4A04-91CB-2DA661410FD6}.AppStore|iPhone.Deploy.0 = Release|Any CPU
		{B480E428-FC1E-4A04-91CB-2DA661410FD6}.AppStore|iPhoneSimulator.ActiveCfg = Release|Any CPU
		{B480E428-FC1E-4A04-91CB-2DA661410FD6}.AppStore|iPhoneSimulator.Build.0 = Release|Any CPU
		{B480E428-FC1E-4A04-91CB-2DA661410FD6}.AppStore|iPhoneSimulator.Deploy.0 = Release|Any CPU
		{B480E428-FC1E-4A04-91CB-2DA661410FD6}.AppStore|x64.ActiveCfg = Release|x64
		{B480E428-FC1E-4A04-91CB-2DA661410FD6}.AppStore|x64.Build.0 = Release|x64
		{B480E428-FC1E-4A04-91CB-2DA661410FD6}.AppStore|x64.Deploy.0 = Release|x64
		{B480E428-FC1E-4A04-91CB-2DA661410FD6}.AppStore|x86.ActiveCfg = Release|x86
		{B480E428-FC1E-4A04-91CB-2DA661410FD6}.AppStore|x86.Build.0 = Release|x86
		{B480E428-FC1E-4A04-91CB-2DA661410FD6}.AppStore|x86.Deploy.0 = Release|x86
		{B480E428-FC1E-4A04-91CB-2DA661410FD6}.Debug|Any CPU.ActiveCfg = Debug|Any CPU
		{B480E428-FC1E-4A04-91CB-2DA661410FD6}.Debug|Any CPU.Build.0 = Debug|Any CPU
		{B480E428-FC1E-4A04-91CB-2DA661410FD6}.Debug|Any CPU.Deploy.0 = Debug|Any CPU
		{B480E428-FC1E-4A04-91CB-2DA661410FD6}.Debug|ARM.ActiveCfg = Debug|ARM
		{B480E428-FC1E-4A04-91CB-2DA661410FD6}.Debug|ARM.Build.0 = Debug|ARM
		{B480E428-FC1E-4A04-91CB-2DA661410FD6}.Debug|ARM.Deploy.0 = Debug|ARM
		{B480E428-FC1E-4A04-91CB-2DA661410FD6}.Debug|iPhone.ActiveCfg = Debug|Any CPU
		{B480E428-FC1E-4A04-91CB-2DA661410FD6}.Debug|iPhone.Build.0 = Debug|Any CPU
		{B480E428-FC1E-4A04-91CB-2DA661410FD6}.Debug|iPhone.Deploy.0 = Debug|Any CPU
		{B480E428-FC1E-4A04-91CB-2DA661410FD6}.Debug|iPhoneSimulator.ActiveCfg = Debug|Any CPU
		{B480E428-FC1E-4A04-91CB-2DA661410FD6}.Debug|iPhoneSimulator.Build.0 = Debug|Any CPU
		{B480E428-FC1E-4A04-91CB-2DA661410FD6}.Debug|iPhoneSimulator.Deploy.0 = Debug|Any CPU
		{B480E428-FC1E-4A04-91CB-2DA661410FD6}.Debug|x64.ActiveCfg = Debug|x64
		{B480E428-FC1E-4A04-91CB-2DA661410FD6}.Debug|x64.Build.0 = Debug|x64
		{B480E428-FC1E-4A04-91CB-2DA661410FD6}.Debug|x64.Deploy.0 = Debug|x64
		{B480E428-FC1E-4A04-91CB-2DA661410FD6}.Debug|x86.ActiveCfg = Debug|x86
		{B480E428-FC1E-4A04-91CB-2DA661410FD6}.Debug|x86.Build.0 = Debug|x86
		{B480E428-FC1E-4A04-91CB-2DA661410FD6}.Debug|x86.Deploy.0 = Debug|x86
		{B480E428-FC1E-4A04-91CB-2DA661410FD6}.Release|Any CPU.ActiveCfg = Release|Any CPU
		{B480E428-FC1E-4A04-91CB-2DA661410FD6}.Release|Any CPU.Build.0 = Release|Any CPU
		{B480E428-FC1E-4A04-91CB-2DA661410FD6}.Release|Any CPU.Deploy.0 = Release|Any CPU
		{B480E428-FC1E-4A04-91CB-2DA661410FD6}.Release|ARM.ActiveCfg = Release|ARM
		{B480E428-FC1E-4A04-91CB-2DA661410FD6}.Release|ARM.Build.0 = Release|ARM
		{B480E428-FC1E-4A04-91CB-2DA661410FD6}.Release|ARM.Deploy.0 = Release|ARM
		{B480E428-FC1E-4A04-91CB-2DA661410FD6}.Release|iPhone.ActiveCfg = Release|Any CPU
		{B480E428-FC1E-4A04-91CB-2DA661410FD6}.Release|iPhone.Build.0 = Release|Any CPU
		{B480E428-FC1E-4A04-91CB-2DA661410FD6}.Release|iPhone.Deploy.0 = Release|Any CPU
		{B480E428-FC1E-4A04-91CB-2DA661410FD6}.Release|iPhoneSimulator.ActiveCfg = Release|Any CPU
		{B480E428-FC1E-4A04-91CB-2DA661410FD6}.Release|iPhoneSimulator.Build.0 = Release|Any CPU
		{B480E428-FC1E-4A04-91CB-2DA661410FD6}.Release|iPhoneSimulator.Deploy.0 = Release|Any CPU
		{B480E428-FC1E-4A04-91CB-2DA661410FD6}.Release|x64.ActiveCfg = Release|x64
		{B480E428-FC1E-4A04-91CB-2DA661410FD6}.Release|x64.Build.0 = Release|x64
		{B480E428-FC1E-4A04-91CB-2DA661410FD6}.Release|x64.Deploy.0 = Release|x64
		{B480E428-FC1E-4A04-91CB-2DA661410FD6}.Release|x86.ActiveCfg = Release|x86
		{B480E428-FC1E-4A04-91CB-2DA661410FD6}.Release|x86.Build.0 = Release|x86
		{B480E428-FC1E-4A04-91CB-2DA661410FD6}.Release|x86.Deploy.0 = Release|x86
		{CB02FC60-BFB9-49AD-8BC2-441981455575}.Ad-Hoc|Any CPU.ActiveCfg = Release|Any CPU
		{CB02FC60-BFB9-49AD-8BC2-441981455575}.Ad-Hoc|Any CPU.Build.0 = Release|Any CPU
		{CB02FC60-BFB9-49AD-8BC2-441981455575}.Ad-Hoc|Any CPU.Deploy.0 = Release|Any CPU
		{CB02FC60-BFB9-49AD-8BC2-441981455575}.Ad-Hoc|ARM.ActiveCfg = Release|ARM
		{CB02FC60-BFB9-49AD-8BC2-441981455575}.Ad-Hoc|ARM.Build.0 = Release|ARM
		{CB02FC60-BFB9-49AD-8BC2-441981455575}.Ad-Hoc|ARM.Deploy.0 = Release|ARM
		{CB02FC60-BFB9-49AD-8BC2-441981455575}.Ad-Hoc|iPhone.ActiveCfg = Release|Any CPU
		{CB02FC60-BFB9-49AD-8BC2-441981455575}.Ad-Hoc|iPhone.Build.0 = Release|Any CPU
		{CB02FC60-BFB9-49AD-8BC2-441981455575}.Ad-Hoc|iPhone.Deploy.0 = Release|Any CPU
		{CB02FC60-BFB9-49AD-8BC2-441981455575}.Ad-Hoc|iPhoneSimulator.ActiveCfg = Release|Any CPU
		{CB02FC60-BFB9-49AD-8BC2-441981455575}.Ad-Hoc|iPhoneSimulator.Build.0 = Release|Any CPU
		{CB02FC60-BFB9-49AD-8BC2-441981455575}.Ad-Hoc|iPhoneSimulator.Deploy.0 = Release|Any CPU
		{CB02FC60-BFB9-49AD-8BC2-441981455575}.Ad-Hoc|x64.ActiveCfg = Release|Any CPU
		{CB02FC60-BFB9-49AD-8BC2-441981455575}.Ad-Hoc|x64.Build.0 = Release|Any CPU
		{CB02FC60-BFB9-49AD-8BC2-441981455575}.Ad-Hoc|x64.Deploy.0 = Release|Any CPU
		{CB02FC60-BFB9-49AD-8BC2-441981455575}.Ad-Hoc|x86.ActiveCfg = Release|x86
		{CB02FC60-BFB9-49AD-8BC2-441981455575}.Ad-Hoc|x86.Build.0 = Release|x86
		{CB02FC60-BFB9-49AD-8BC2-441981455575}.Ad-Hoc|x86.Deploy.0 = Release|x86
		{CB02FC60-BFB9-49AD-8BC2-441981455575}.AppStore|Any CPU.ActiveCfg = Release|Any CPU
		{CB02FC60-BFB9-49AD-8BC2-441981455575}.AppStore|Any CPU.Build.0 = Release|Any CPU
		{CB02FC60-BFB9-49AD-8BC2-441981455575}.AppStore|Any CPU.Deploy.0 = Release|Any CPU
		{CB02FC60-BFB9-49AD-8BC2-441981455575}.AppStore|ARM.ActiveCfg = Release|ARM
		{CB02FC60-BFB9-49AD-8BC2-441981455575}.AppStore|ARM.Build.0 = Release|ARM
		{CB02FC60-BFB9-49AD-8BC2-441981455575}.AppStore|ARM.Deploy.0 = Release|ARM
		{CB02FC60-BFB9-49AD-8BC2-441981455575}.AppStore|iPhone.ActiveCfg = Release|Any CPU
		{CB02FC60-BFB9-49AD-8BC2-441981455575}.AppStore|iPhone.Build.0 = Release|Any CPU
		{CB02FC60-BFB9-49AD-8BC2-441981455575}.AppStore|iPhone.Deploy.0 = Release|Any CPU
		{CB02FC60-BFB9-49AD-8BC2-441981455575}.AppStore|iPhoneSimulator.ActiveCfg = Release|Any CPU
		{CB02FC60-BFB9-49AD-8BC2-441981455575}.AppStore|iPhoneSimulator.Build.0 = Release|Any CPU
		{CB02FC60-BFB9-49AD-8BC2-441981455575}.AppStore|iPhoneSimulator.Deploy.0 = Release|Any CPU
		{CB02FC60-BFB9-49AD-8BC2-441981455575}.AppStore|x64.ActiveCfg = Release|Any CPU
		{CB02FC60-BFB9-49AD-8BC2-441981455575}.AppStore|x64.Build.0 = Release|Any CPU
		{CB02FC60-BFB9-49AD-8BC2-441981455575}.AppStore|x64.Deploy.0 = Release|Any CPU
		{CB02FC60-BFB9-49AD-8BC2-441981455575}.AppStore|x86.ActiveCfg = Release|x86
		{CB02FC60-BFB9-49AD-8BC2-441981455575}.AppStore|x86.Build.0 = Release|x86
		{CB02FC60-BFB9-49AD-8BC2-441981455575}.AppStore|x86.Deploy.0 = Release|x86
		{CB02FC60-BFB9-49AD-8BC2-441981455575}.Debug|Any CPU.ActiveCfg = Debug|Any CPU
		{CB02FC60-BFB9-49AD-8BC2-441981455575}.Debug|Any CPU.Build.0 = Debug|Any CPU
		{CB02FC60-BFB9-49AD-8BC2-441981455575}.Debug|Any CPU.Deploy.0 = Debug|Any CPU
		{CB02FC60-BFB9-49AD-8BC2-441981455575}.Debug|ARM.ActiveCfg = Debug|ARM
		{CB02FC60-BFB9-49AD-8BC2-441981455575}.Debug|ARM.Build.0 = Debug|ARM
		{CB02FC60-BFB9-49AD-8BC2-441981455575}.Debug|ARM.Deploy.0 = Debug|ARM
		{CB02FC60-BFB9-49AD-8BC2-441981455575}.Debug|iPhone.ActiveCfg = Debug|Any CPU
		{CB02FC60-BFB9-49AD-8BC2-441981455575}.Debug|iPhone.Build.0 = Debug|Any CPU
		{CB02FC60-BFB9-49AD-8BC2-441981455575}.Debug|iPhone.Deploy.0 = Debug|Any CPU
		{CB02FC60-BFB9-49AD-8BC2-441981455575}.Debug|iPhoneSimulator.ActiveCfg = Debug|Any CPU
		{CB02FC60-BFB9-49AD-8BC2-441981455575}.Debug|iPhoneSimulator.Build.0 = Debug|Any CPU
		{CB02FC60-BFB9-49AD-8BC2-441981455575}.Debug|iPhoneSimulator.Deploy.0 = Debug|Any CPU
		{CB02FC60-BFB9-49AD-8BC2-441981455575}.Debug|x64.ActiveCfg = Debug|Any CPU
		{CB02FC60-BFB9-49AD-8BC2-441981455575}.Debug|x86.ActiveCfg = Debug|x86
		{CB02FC60-BFB9-49AD-8BC2-441981455575}.Debug|x86.Build.0 = Debug|x86
		{CB02FC60-BFB9-49AD-8BC2-441981455575}.Debug|x86.Deploy.0 = Debug|x86
		{CB02FC60-BFB9-49AD-8BC2-441981455575}.Release|Any CPU.ActiveCfg = Release|Any CPU
		{CB02FC60-BFB9-49AD-8BC2-441981455575}.Release|Any CPU.Build.0 = Release|Any CPU
		{CB02FC60-BFB9-49AD-8BC2-441981455575}.Release|Any CPU.Deploy.0 = Release|Any CPU
		{CB02FC60-BFB9-49AD-8BC2-441981455575}.Release|ARM.ActiveCfg = Release|ARM
		{CB02FC60-BFB9-49AD-8BC2-441981455575}.Release|ARM.Build.0 = Release|ARM
		{CB02FC60-BFB9-49AD-8BC2-441981455575}.Release|ARM.Deploy.0 = Release|ARM
		{CB02FC60-BFB9-49AD-8BC2-441981455575}.Release|iPhone.ActiveCfg = Release|Any CPU
		{CB02FC60-BFB9-49AD-8BC2-441981455575}.Release|iPhone.Build.0 = Release|Any CPU
		{CB02FC60-BFB9-49AD-8BC2-441981455575}.Release|iPhone.Deploy.0 = Release|Any CPU
		{CB02FC60-BFB9-49AD-8BC2-441981455575}.Release|iPhoneSimulator.ActiveCfg = Release|Any CPU
		{CB02FC60-BFB9-49AD-8BC2-441981455575}.Release|iPhoneSimulator.Build.0 = Release|Any CPU
		{CB02FC60-BFB9-49AD-8BC2-441981455575}.Release|iPhoneSimulator.Deploy.0 = Release|Any CPU
		{CB02FC60-BFB9-49AD-8BC2-441981455575}.Release|x64.ActiveCfg = Release|Any CPU
		{CB02FC60-BFB9-49AD-8BC2-441981455575}.Release|x86.ActiveCfg = Release|x86
		{CB02FC60-BFB9-49AD-8BC2-441981455575}.Release|x86.Build.0 = Release|x86
		{CB02FC60-BFB9-49AD-8BC2-441981455575}.Release|x86.Deploy.0 = Release|x86
		{E923AF06-181F-4EE4-A580-43B204771558}.Ad-Hoc|Any CPU.ActiveCfg = Release|Any CPU
		{E923AF06-181F-4EE4-A580-43B204771558}.Ad-Hoc|Any CPU.Build.0 = Release|Any CPU
		{E923AF06-181F-4EE4-A580-43B204771558}.Ad-Hoc|ARM.ActiveCfg = Release|Any CPU
		{E923AF06-181F-4EE4-A580-43B204771558}.Ad-Hoc|ARM.Build.0 = Release|Any CPU
		{E923AF06-181F-4EE4-A580-43B204771558}.Ad-Hoc|iPhone.ActiveCfg = Release|Any CPU
		{E923AF06-181F-4EE4-A580-43B204771558}.Ad-Hoc|iPhone.Build.0 = Release|Any CPU
		{E923AF06-181F-4EE4-A580-43B204771558}.Ad-Hoc|iPhoneSimulator.ActiveCfg = Release|Any CPU
		{E923AF06-181F-4EE4-A580-43B204771558}.Ad-Hoc|iPhoneSimulator.Build.0 = Release|Any CPU
		{E923AF06-181F-4EE4-A580-43B204771558}.Ad-Hoc|x64.ActiveCfg = Release|Any CPU
		{E923AF06-181F-4EE4-A580-43B204771558}.Ad-Hoc|x64.Build.0 = Release|Any CPU
		{E923AF06-181F-4EE4-A580-43B204771558}.Ad-Hoc|x86.ActiveCfg = Release|Any CPU
		{E923AF06-181F-4EE4-A580-43B204771558}.Ad-Hoc|x86.Build.0 = Release|Any CPU
		{E923AF06-181F-4EE4-A580-43B204771558}.AppStore|Any CPU.ActiveCfg = Release|Any CPU
		{E923AF06-181F-4EE4-A580-43B204771558}.AppStore|Any CPU.Build.0 = Release|Any CPU
		{E923AF06-181F-4EE4-A580-43B204771558}.AppStore|ARM.ActiveCfg = Release|Any CPU
		{E923AF06-181F-4EE4-A580-43B204771558}.AppStore|ARM.Build.0 = Release|Any CPU
		{E923AF06-181F-4EE4-A580-43B204771558}.AppStore|iPhone.ActiveCfg = Release|Any CPU
		{E923AF06-181F-4EE4-A580-43B204771558}.AppStore|iPhone.Build.0 = Release|Any CPU
		{E923AF06-181F-4EE4-A580-43B204771558}.AppStore|iPhoneSimulator.ActiveCfg = Release|Any CPU
		{E923AF06-181F-4EE4-A580-43B204771558}.AppStore|iPhoneSimulator.Build.0 = Release|Any CPU
		{E923AF06-181F-4EE4-A580-43B204771558}.AppStore|x64.ActiveCfg = Release|Any CPU
		{E923AF06-181F-4EE4-A580-43B204771558}.AppStore|x64.Build.0 = Release|Any CPU
		{E923AF06-181F-4EE4-A580-43B204771558}.AppStore|x86.ActiveCfg = Release|Any CPU
		{E923AF06-181F-4EE4-A580-43B204771558}.AppStore|x86.Build.0 = Release|Any CPU
		{E923AF06-181F-4EE4-A580-43B204771558}.Debug|Any CPU.ActiveCfg = Debug|Any CPU
		{E923AF06-181F-4EE4-A580-43B204771558}.Debug|Any CPU.Build.0 = Debug|Any CPU
		{E923AF06-181F-4EE4-A580-43B204771558}.Debug|ARM.ActiveCfg = Debug|Any CPU
		{E923AF06-181F-4EE4-A580-43B204771558}.Debug|iPhone.ActiveCfg = Debug|Any CPU
		{E923AF06-181F-4EE4-A580-43B204771558}.Debug|iPhone.Build.0 = Debug|Any CPU
		{E923AF06-181F-4EE4-A580-43B204771558}.Debug|iPhoneSimulator.ActiveCfg = Debug|Any CPU
		{E923AF06-181F-4EE4-A580-43B204771558}.Debug|iPhoneSimulator.Build.0 = Debug|Any CPU
		{E923AF06-181F-4EE4-A580-43B204771558}.Debug|x64.ActiveCfg = Debug|Any CPU
		{E923AF06-181F-4EE4-A580-43B204771558}.Debug|x86.ActiveCfg = Debug|Any CPU
		{E923AF06-181F-4EE4-A580-43B204771558}.Release|Any CPU.ActiveCfg = Release|Any CPU
		{E923AF06-181F-4EE4-A580-43B204771558}.Release|Any CPU.Build.0 = Release|Any CPU
		{E923AF06-181F-4EE4-A580-43B204771558}.Release|ARM.ActiveCfg = Release|Any CPU
		{E923AF06-181F-4EE4-A580-43B204771558}.Release|iPhone.ActiveCfg = Release|Any CPU
		{E923AF06-181F-4EE4-A580-43B204771558}.Release|iPhone.Build.0 = Release|Any CPU
		{E923AF06-181F-4EE4-A580-43B204771558}.Release|iPhoneSimulator.ActiveCfg = Release|Any CPU
		{E923AF06-181F-4EE4-A580-43B204771558}.Release|iPhoneSimulator.Build.0 = Release|Any CPU
		{E923AF06-181F-4EE4-A580-43B204771558}.Release|x64.ActiveCfg = Release|Any CPU
		{E923AF06-181F-4EE4-A580-43B204771558}.Release|x86.ActiveCfg = Release|Any CPU
		{7D7DB65E-433C-4550-B98B-E300E4BF09D2}.Ad-Hoc|Any CPU.ActiveCfg = Release|Any CPU
		{7D7DB65E-433C-4550-B98B-E300E4BF09D2}.Ad-Hoc|Any CPU.Build.0 = Release|Any CPU
		{7D7DB65E-433C-4550-B98B-E300E4BF09D2}.Ad-Hoc|Any CPU.Deploy.0 = Release|Any CPU
		{7D7DB65E-433C-4550-B98B-E300E4BF09D2}.Ad-Hoc|ARM.ActiveCfg = Release|Any CPU
		{7D7DB65E-433C-4550-B98B-E300E4BF09D2}.Ad-Hoc|ARM.Build.0 = Release|Any CPU
		{7D7DB65E-433C-4550-B98B-E300E4BF09D2}.Ad-Hoc|ARM.Deploy.0 = Release|Any CPU
		{7D7DB65E-433C-4550-B98B-E300E4BF09D2}.Ad-Hoc|iPhone.ActiveCfg = Release|Any CPU
		{7D7DB65E-433C-4550-B98B-E300E4BF09D2}.Ad-Hoc|iPhone.Build.0 = Release|Any CPU
		{7D7DB65E-433C-4550-B98B-E300E4BF09D2}.Ad-Hoc|iPhone.Deploy.0 = Release|Any CPU
		{7D7DB65E-433C-4550-B98B-E300E4BF09D2}.Ad-Hoc|iPhoneSimulator.ActiveCfg = Release|Any CPU
		{7D7DB65E-433C-4550-B98B-E300E4BF09D2}.Ad-Hoc|iPhoneSimulator.Build.0 = Release|Any CPU
		{7D7DB65E-433C-4550-B98B-E300E4BF09D2}.Ad-Hoc|iPhoneSimulator.Deploy.0 = Release|Any CPU
		{7D7DB65E-433C-4550-B98B-E300E4BF09D2}.Ad-Hoc|x64.ActiveCfg = Release|Any CPU
		{7D7DB65E-433C-4550-B98B-E300E4BF09D2}.Ad-Hoc|x64.Build.0 = Release|Any CPU
		{7D7DB65E-433C-4550-B98B-E300E4BF09D2}.Ad-Hoc|x64.Deploy.0 = Release|Any CPU
		{7D7DB65E-433C-4550-B98B-E300E4BF09D2}.Ad-Hoc|x86.ActiveCfg = Release|Any CPU
		{7D7DB65E-433C-4550-B98B-E300E4BF09D2}.Ad-Hoc|x86.Build.0 = Release|Any CPU
		{7D7DB65E-433C-4550-B98B-E300E4BF09D2}.Ad-Hoc|x86.Deploy.0 = Release|Any CPU
		{7D7DB65E-433C-4550-B98B-E300E4BF09D2}.AppStore|Any CPU.ActiveCfg = Release|Any CPU
		{7D7DB65E-433C-4550-B98B-E300E4BF09D2}.AppStore|Any CPU.Build.0 = Release|Any CPU
		{7D7DB65E-433C-4550-B98B-E300E4BF09D2}.AppStore|Any CPU.Deploy.0 = Release|Any CPU
		{7D7DB65E-433C-4550-B98B-E300E4BF09D2}.AppStore|ARM.ActiveCfg = Release|Any CPU
		{7D7DB65E-433C-4550-B98B-E300E4BF09D2}.AppStore|ARM.Build.0 = Release|Any CPU
		{7D7DB65E-433C-4550-B98B-E300E4BF09D2}.AppStore|ARM.Deploy.0 = Release|Any CPU
		{7D7DB65E-433C-4550-B98B-E300E4BF09D2}.AppStore|iPhone.ActiveCfg = Release|Any CPU
		{7D7DB65E-433C-4550-B98B-E300E4BF09D2}.AppStore|iPhone.Build.0 = Release|Any CPU
		{7D7DB65E-433C-4550-B98B-E300E4BF09D2}.AppStore|iPhone.Deploy.0 = Release|Any CPU
		{7D7DB65E-433C-4550-B98B-E300E4BF09D2}.AppStore|iPhoneSimulator.ActiveCfg = Release|Any CPU
		{7D7DB65E-433C-4550-B98B-E300E4BF09D2}.AppStore|iPhoneSimulator.Build.0 = Release|Any CPU
		{7D7DB65E-433C-4550-B98B-E300E4BF09D2}.AppStore|iPhoneSimulator.Deploy.0 = Release|Any CPU
		{7D7DB65E-433C-4550-B98B-E300E4BF09D2}.AppStore|x64.ActiveCfg = Release|Any CPU
		{7D7DB65E-433C-4550-B98B-E300E4BF09D2}.AppStore|x64.Build.0 = Release|Any CPU
		{7D7DB65E-433C-4550-B98B-E300E4BF09D2}.AppStore|x64.Deploy.0 = Release|Any CPU
		{7D7DB65E-433C-4550-B98B-E300E4BF09D2}.AppStore|x86.ActiveCfg = Release|Any CPU
		{7D7DB65E-433C-4550-B98B-E300E4BF09D2}.AppStore|x86.Build.0 = Release|Any CPU
		{7D7DB65E-433C-4550-B98B-E300E4BF09D2}.AppStore|x86.Deploy.0 = Release|Any CPU
		{7D7DB65E-433C-4550-B98B-E300E4BF09D2}.Debug|Any CPU.ActiveCfg = Debug|Any CPU
		{7D7DB65E-433C-4550-B98B-E300E4BF09D2}.Debug|Any CPU.Build.0 = Debug|Any CPU
		{7D7DB65E-433C-4550-B98B-E300E4BF09D2}.Debug|Any CPU.Deploy.0 = Debug|Any CPU
		{7D7DB65E-433C-4550-B98B-E300E4BF09D2}.Debug|ARM.ActiveCfg = Debug|Any CPU
		{7D7DB65E-433C-4550-B98B-E300E4BF09D2}.Debug|ARM.Build.0 = Debug|Any CPU
		{7D7DB65E-433C-4550-B98B-E300E4BF09D2}.Debug|ARM.Deploy.0 = Debug|Any CPU
		{7D7DB65E-433C-4550-B98B-E300E4BF09D2}.Debug|iPhone.ActiveCfg = Debug|Any CPU
		{7D7DB65E-433C-4550-B98B-E300E4BF09D2}.Debug|iPhone.Build.0 = Debug|Any CPU
		{7D7DB65E-433C-4550-B98B-E300E4BF09D2}.Debug|iPhone.Deploy.0 = Debug|Any CPU
		{7D7DB65E-433C-4550-B98B-E300E4BF09D2}.Debug|iPhoneSimulator.ActiveCfg = Debug|Any CPU
		{7D7DB65E-433C-4550-B98B-E300E4BF09D2}.Debug|iPhoneSimulator.Build.0 = Debug|Any CPU
		{7D7DB65E-433C-4550-B98B-E300E4BF09D2}.Debug|iPhoneSimulator.Deploy.0 = Debug|Any CPU
		{7D7DB65E-433C-4550-B98B-E300E4BF09D2}.Debug|x64.ActiveCfg = Debug|Any CPU
		{7D7DB65E-433C-4550-B98B-E300E4BF09D2}.Debug|x64.Build.0 = Debug|Any CPU
		{7D7DB65E-433C-4550-B98B-E300E4BF09D2}.Debug|x64.Deploy.0 = Debug|Any CPU
		{7D7DB65E-433C-4550-B98B-E300E4BF09D2}.Debug|x86.ActiveCfg = Debug|Any CPU
		{7D7DB65E-433C-4550-B98B-E300E4BF09D2}.Debug|x86.Build.0 = Debug|Any CPU
		{7D7DB65E-433C-4550-B98B-E300E4BF09D2}.Debug|x86.Deploy.0 = Debug|Any CPU
		{7D7DB65E-433C-4550-B98B-E300E4BF09D2}.Release|Any CPU.ActiveCfg = Release|Any CPU
		{7D7DB65E-433C-4550-B98B-E300E4BF09D2}.Release|Any CPU.Build.0 = Release|Any CPU
		{7D7DB65E-433C-4550-B98B-E300E4BF09D2}.Release|Any CPU.Deploy.0 = Release|Any CPU
		{7D7DB65E-433C-4550-B98B-E300E4BF09D2}.Release|ARM.ActiveCfg = Release|Any CPU
		{7D7DB65E-433C-4550-B98B-E300E4BF09D2}.Release|ARM.Build.0 = Release|Any CPU
		{7D7DB65E-433C-4550-B98B-E300E4BF09D2}.Release|ARM.Deploy.0 = Release|Any CPU
		{7D7DB65E-433C-4550-B98B-E300E4BF09D2}.Release|iPhone.ActiveCfg = Release|Any CPU
		{7D7DB65E-433C-4550-B98B-E300E4BF09D2}.Release|iPhone.Build.0 = Release|Any CPU
		{7D7DB65E-433C-4550-B98B-E300E4BF09D2}.Release|iPhone.Deploy.0 = Release|Any CPU
		{7D7DB65E-433C-4550-B98B-E300E4BF09D2}.Release|iPhoneSimulator.ActiveCfg = Release|Any CPU
		{7D7DB65E-433C-4550-B98B-E300E4BF09D2}.Release|iPhoneSimulator.Build.0 = Release|Any CPU
		{7D7DB65E-433C-4550-B98B-E300E4BF09D2}.Release|iPhoneSimulator.Deploy.0 = Release|Any CPU
		{7D7DB65E-433C-4550-B98B-E300E4BF09D2}.Release|x64.ActiveCfg = Release|Any CPU
		{7D7DB65E-433C-4550-B98B-E300E4BF09D2}.Release|x64.Build.0 = Release|Any CPU
		{7D7DB65E-433C-4550-B98B-E300E4BF09D2}.Release|x64.Deploy.0 = Release|Any CPU
		{7D7DB65E-433C-4550-B98B-E300E4BF09D2}.Release|x86.ActiveCfg = Release|Any CPU
		{7D7DB65E-433C-4550-B98B-E300E4BF09D2}.Release|x86.Build.0 = Release|Any CPU
		{7D7DB65E-433C-4550-B98B-E300E4BF09D2}.Release|x86.Deploy.0 = Release|Any CPU
		{FF014B69-8BF0-454D-B453-FB273260DADB}.Ad-Hoc|Any CPU.ActiveCfg = Ad-Hoc|iPhone
		{FF014B69-8BF0-454D-B453-FB273260DADB}.Ad-Hoc|ARM.ActiveCfg = Ad-Hoc|iPhone
		{FF014B69-8BF0-454D-B453-FB273260DADB}.Ad-Hoc|iPhone.ActiveCfg = Ad-Hoc|iPhone
		{FF014B69-8BF0-454D-B453-FB273260DADB}.Ad-Hoc|iPhone.Build.0 = Ad-Hoc|iPhone
		{FF014B69-8BF0-454D-B453-FB273260DADB}.Ad-Hoc|iPhoneSimulator.ActiveCfg = Ad-Hoc|iPhoneSimulator
		{FF014B69-8BF0-454D-B453-FB273260DADB}.Ad-Hoc|iPhoneSimulator.Build.0 = Ad-Hoc|iPhoneSimulator
		{FF014B69-8BF0-454D-B453-FB273260DADB}.Ad-Hoc|x64.ActiveCfg = Ad-Hoc|iPhone
		{FF014B69-8BF0-454D-B453-FB273260DADB}.Ad-Hoc|x86.ActiveCfg = Ad-Hoc|iPhone
		{FF014B69-8BF0-454D-B453-FB273260DADB}.AppStore|Any CPU.ActiveCfg = AppStore|iPhone
		{FF014B69-8BF0-454D-B453-FB273260DADB}.AppStore|ARM.ActiveCfg = AppStore|iPhone
		{FF014B69-8BF0-454D-B453-FB273260DADB}.AppStore|iPhone.ActiveCfg = AppStore|iPhone
		{FF014B69-8BF0-454D-B453-FB273260DADB}.AppStore|iPhone.Build.0 = AppStore|iPhone
		{FF014B69-8BF0-454D-B453-FB273260DADB}.AppStore|iPhoneSimulator.ActiveCfg = AppStore|iPhoneSimulator
		{FF014B69-8BF0-454D-B453-FB273260DADB}.AppStore|iPhoneSimulator.Build.0 = AppStore|iPhoneSimulator
		{FF014B69-8BF0-454D-B453-FB273260DADB}.AppStore|x64.ActiveCfg = AppStore|iPhone
		{FF014B69-8BF0-454D-B453-FB273260DADB}.AppStore|x86.ActiveCfg = AppStore|iPhone
		{FF014B69-8BF0-454D-B453-FB273260DADB}.Debug|Any CPU.ActiveCfg = Debug|iPhone
		{FF014B69-8BF0-454D-B453-FB273260DADB}.Debug|ARM.ActiveCfg = Debug|iPhone
		{FF014B69-8BF0-454D-B453-FB273260DADB}.Debug|iPhone.ActiveCfg = Debug|iPhone
		{FF014B69-8BF0-454D-B453-FB273260DADB}.Debug|iPhone.Build.0 = Debug|iPhone
		{FF014B69-8BF0-454D-B453-FB273260DADB}.Debug|iPhoneSimulator.ActiveCfg = Debug|iPhoneSimulator
		{FF014B69-8BF0-454D-B453-FB273260DADB}.Debug|iPhoneSimulator.Build.0 = Debug|iPhoneSimulator
		{FF014B69-8BF0-454D-B453-FB273260DADB}.Debug|x64.ActiveCfg = Debug|iPhone
		{FF014B69-8BF0-454D-B453-FB273260DADB}.Debug|x86.ActiveCfg = Debug|iPhone
		{FF014B69-8BF0-454D-B453-FB273260DADB}.Release|Any CPU.ActiveCfg = Release|iPhone
		{FF014B69-8BF0-454D-B453-FB273260DADB}.Release|ARM.ActiveCfg = Release|iPhone
		{FF014B69-8BF0-454D-B453-FB273260DADB}.Release|iPhone.ActiveCfg = Release|iPhone
		{FF014B69-8BF0-454D-B453-FB273260DADB}.Release|iPhone.Build.0 = Release|iPhone
		{FF014B69-8BF0-454D-B453-FB273260DADB}.Release|iPhoneSimulator.ActiveCfg = Release|iPhoneSimulator
		{FF014B69-8BF0-454D-B453-FB273260DADB}.Release|iPhoneSimulator.Build.0 = Release|iPhoneSimulator
		{FF014B69-8BF0-454D-B453-FB273260DADB}.Release|x64.ActiveCfg = Release|iPhone
		{FF014B69-8BF0-454D-B453-FB273260DADB}.Release|x86.ActiveCfg = Release|iPhone
		{000560EC-1A6C-4FE1-81A0-96C9128CB7F9}.Ad-Hoc|Any CPU.ActiveCfg = Release|x64
		{000560EC-1A6C-4FE1-81A0-96C9128CB7F9}.Ad-Hoc|Any CPU.Build.0 = Release|x64
		{000560EC-1A6C-4FE1-81A0-96C9128CB7F9}.Ad-Hoc|Any CPU.Deploy.0 = Release|x64
		{000560EC-1A6C-4FE1-81A0-96C9128CB7F9}.Ad-Hoc|ARM.ActiveCfg = Release|ARM
		{000560EC-1A6C-4FE1-81A0-96C9128CB7F9}.Ad-Hoc|ARM.Build.0 = Release|ARM
		{000560EC-1A6C-4FE1-81A0-96C9128CB7F9}.Ad-Hoc|ARM.Deploy.0 = Release|ARM
		{000560EC-1A6C-4FE1-81A0-96C9128CB7F9}.Ad-Hoc|iPhone.ActiveCfg = Release|x64
		{000560EC-1A6C-4FE1-81A0-96C9128CB7F9}.Ad-Hoc|iPhone.Build.0 = Release|x64
		{000560EC-1A6C-4FE1-81A0-96C9128CB7F9}.Ad-Hoc|iPhone.Deploy.0 = Release|x64
		{000560EC-1A6C-4FE1-81A0-96C9128CB7F9}.Ad-Hoc|iPhoneSimulator.ActiveCfg = Release|x64
		{000560EC-1A6C-4FE1-81A0-96C9128CB7F9}.Ad-Hoc|iPhoneSimulator.Build.0 = Release|x64
		{000560EC-1A6C-4FE1-81A0-96C9128CB7F9}.Ad-Hoc|iPhoneSimulator.Deploy.0 = Release|x64
		{000560EC-1A6C-4FE1-81A0-96C9128CB7F9}.Ad-Hoc|x64.ActiveCfg = Release|x64
		{000560EC-1A6C-4FE1-81A0-96C9128CB7F9}.Ad-Hoc|x64.Build.0 = Release|x64
		{000560EC-1A6C-4FE1-81A0-96C9128CB7F9}.Ad-Hoc|x64.Deploy.0 = Release|x64
		{000560EC-1A6C-4FE1-81A0-96C9128CB7F9}.Ad-Hoc|x86.ActiveCfg = Release|x86
		{000560EC-1A6C-4FE1-81A0-96C9128CB7F9}.Ad-Hoc|x86.Build.0 = Release|x86
		{000560EC-1A6C-4FE1-81A0-96C9128CB7F9}.Ad-Hoc|x86.Deploy.0 = Release|x86
		{000560EC-1A6C-4FE1-81A0-96C9128CB7F9}.AppStore|Any CPU.ActiveCfg = Release|x64
		{000560EC-1A6C-4FE1-81A0-96C9128CB7F9}.AppStore|Any CPU.Build.0 = Release|x64
		{000560EC-1A6C-4FE1-81A0-96C9128CB7F9}.AppStore|Any CPU.Deploy.0 = Release|x64
		{000560EC-1A6C-4FE1-81A0-96C9128CB7F9}.AppStore|ARM.ActiveCfg = Release|ARM
		{000560EC-1A6C-4FE1-81A0-96C9128CB7F9}.AppStore|ARM.Build.0 = Release|ARM
		{000560EC-1A6C-4FE1-81A0-96C9128CB7F9}.AppStore|ARM.Deploy.0 = Release|ARM
		{000560EC-1A6C-4FE1-81A0-96C9128CB7F9}.AppStore|iPhone.ActiveCfg = Release|x64
		{000560EC-1A6C-4FE1-81A0-96C9128CB7F9}.AppStore|iPhone.Build.0 = Release|x64
		{000560EC-1A6C-4FE1-81A0-96C9128CB7F9}.AppStore|iPhone.Deploy.0 = Release|x64
		{000560EC-1A6C-4FE1-81A0-96C9128CB7F9}.AppStore|iPhoneSimulator.ActiveCfg = Release|x64
		{000560EC-1A6C-4FE1-81A0-96C9128CB7F9}.AppStore|iPhoneSimulator.Build.0 = Release|x64
		{000560EC-1A6C-4FE1-81A0-96C9128CB7F9}.AppStore|iPhoneSimulator.Deploy.0 = Release|x64
		{000560EC-1A6C-4FE1-81A0-96C9128CB7F9}.AppStore|x64.ActiveCfg = Release|x64
		{000560EC-1A6C-4FE1-81A0-96C9128CB7F9}.AppStore|x64.Build.0 = Release|x64
		{000560EC-1A6C-4FE1-81A0-96C9128CB7F9}.AppStore|x64.Deploy.0 = Release|x64
		{000560EC-1A6C-4FE1-81A0-96C9128CB7F9}.AppStore|x86.ActiveCfg = Release|x86
		{000560EC-1A6C-4FE1-81A0-96C9128CB7F9}.AppStore|x86.Build.0 = Release|x86
		{000560EC-1A6C-4FE1-81A0-96C9128CB7F9}.AppStore|x86.Deploy.0 = Release|x86
		{000560EC-1A6C-4FE1-81A0-96C9128CB7F9}.Debug|Any CPU.ActiveCfg = Debug|x86
		{000560EC-1A6C-4FE1-81A0-96C9128CB7F9}.Debug|ARM.ActiveCfg = Debug|ARM
		{000560EC-1A6C-4FE1-81A0-96C9128CB7F9}.Debug|ARM.Build.0 = Debug|ARM
		{000560EC-1A6C-4FE1-81A0-96C9128CB7F9}.Debug|ARM.Deploy.0 = Debug|ARM
		{000560EC-1A6C-4FE1-81A0-96C9128CB7F9}.Debug|iPhone.ActiveCfg = Debug|x86
		{000560EC-1A6C-4FE1-81A0-96C9128CB7F9}.Debug|iPhoneSimulator.ActiveCfg = Debug|x86
		{000560EC-1A6C-4FE1-81A0-96C9128CB7F9}.Debug|x64.ActiveCfg = Debug|x64
		{000560EC-1A6C-4FE1-81A0-96C9128CB7F9}.Debug|x64.Build.0 = Debug|x64
		{000560EC-1A6C-4FE1-81A0-96C9128CB7F9}.Debug|x64.Deploy.0 = Debug|x64
		{000560EC-1A6C-4FE1-81A0-96C9128CB7F9}.Debug|x86.ActiveCfg = Debug|x86
		{000560EC-1A6C-4FE1-81A0-96C9128CB7F9}.Debug|x86.Build.0 = Debug|x86
		{000560EC-1A6C-4FE1-81A0-96C9128CB7F9}.Debug|x86.Deploy.0 = Debug|x86
		{000560EC-1A6C-4FE1-81A0-96C9128CB7F9}.Release|Any CPU.ActiveCfg = Release|x86
		{000560EC-1A6C-4FE1-81A0-96C9128CB7F9}.Release|ARM.ActiveCfg = Release|ARM
		{000560EC-1A6C-4FE1-81A0-96C9128CB7F9}.Release|ARM.Build.0 = Release|ARM
		{000560EC-1A6C-4FE1-81A0-96C9128CB7F9}.Release|ARM.Deploy.0 = Release|ARM
		{000560EC-1A6C-4FE1-81A0-96C9128CB7F9}.Release|iPhone.ActiveCfg = Release|x86
		{000560EC-1A6C-4FE1-81A0-96C9128CB7F9}.Release|iPhoneSimulator.ActiveCfg = Release|x86
		{000560EC-1A6C-4FE1-81A0-96C9128CB7F9}.Release|x64.ActiveCfg = Release|x64
		{000560EC-1A6C-4FE1-81A0-96C9128CB7F9}.Release|x64.Build.0 = Release|x64
		{000560EC-1A6C-4FE1-81A0-96C9128CB7F9}.Release|x64.Deploy.0 = Release|x64
		{000560EC-1A6C-4FE1-81A0-96C9128CB7F9}.Release|x86.ActiveCfg = Release|x86
		{000560EC-1A6C-4FE1-81A0-96C9128CB7F9}.Release|x86.Build.0 = Release|x86
		{000560EC-1A6C-4FE1-81A0-96C9128CB7F9}.Release|x86.Deploy.0 = Release|x86
		{3236EA99-743A-4804-A56F-156F1240ABCD}.Ad-Hoc|Any CPU.ActiveCfg = Release|Any CPU
		{3236EA99-743A-4804-A56F-156F1240ABCD}.Ad-Hoc|Any CPU.Build.0 = Release|Any CPU
		{3236EA99-743A-4804-A56F-156F1240ABCD}.Ad-Hoc|ARM.ActiveCfg = Release|Any CPU
		{3236EA99-743A-4804-A56F-156F1240ABCD}.Ad-Hoc|ARM.Build.0 = Release|Any CPU
		{3236EA99-743A-4804-A56F-156F1240ABCD}.Ad-Hoc|iPhone.ActiveCfg = Release|Any CPU
		{3236EA99-743A-4804-A56F-156F1240ABCD}.Ad-Hoc|iPhone.Build.0 = Release|Any CPU
		{3236EA99-743A-4804-A56F-156F1240ABCD}.Ad-Hoc|iPhoneSimulator.ActiveCfg = Release|Any CPU
		{3236EA99-743A-4804-A56F-156F1240ABCD}.Ad-Hoc|iPhoneSimulator.Build.0 = Release|Any CPU
		{3236EA99-743A-4804-A56F-156F1240ABCD}.Ad-Hoc|x64.ActiveCfg = Release|Any CPU
		{3236EA99-743A-4804-A56F-156F1240ABCD}.Ad-Hoc|x64.Build.0 = Release|Any CPU
		{3236EA99-743A-4804-A56F-156F1240ABCD}.Ad-Hoc|x86.ActiveCfg = Release|Any CPU
		{3236EA99-743A-4804-A56F-156F1240ABCD}.Ad-Hoc|x86.Build.0 = Release|Any CPU
		{3236EA99-743A-4804-A56F-156F1240ABCD}.AppStore|Any CPU.ActiveCfg = Release|Any CPU
		{3236EA99-743A-4804-A56F-156F1240ABCD}.AppStore|Any CPU.Build.0 = Release|Any CPU
		{3236EA99-743A-4804-A56F-156F1240ABCD}.AppStore|ARM.ActiveCfg = Release|Any CPU
		{3236EA99-743A-4804-A56F-156F1240ABCD}.AppStore|ARM.Build.0 = Release|Any CPU
		{3236EA99-743A-4804-A56F-156F1240ABCD}.AppStore|iPhone.ActiveCfg = Release|Any CPU
		{3236EA99-743A-4804-A56F-156F1240ABCD}.AppStore|iPhone.Build.0 = Release|Any CPU
		{3236EA99-743A-4804-A56F-156F1240ABCD}.AppStore|iPhoneSimulator.ActiveCfg = Release|Any CPU
		{3236EA99-743A-4804-A56F-156F1240ABCD}.AppStore|iPhoneSimulator.Build.0 = Release|Any CPU
		{3236EA99-743A-4804-A56F-156F1240ABCD}.AppStore|x64.ActiveCfg = Release|Any CPU
		{3236EA99-743A-4804-A56F-156F1240ABCD}.AppStore|x64.Build.0 = Release|Any CPU
		{3236EA99-743A-4804-A56F-156F1240ABCD}.AppStore|x86.ActiveCfg = Release|Any CPU
		{3236EA99-743A-4804-A56F-156F1240ABCD}.AppStore|x86.Build.0 = Release|Any CPU
		{3236EA99-743A-4804-A56F-156F1240ABCD}.Debug|Any CPU.ActiveCfg = Debug|Any CPU
		{3236EA99-743A-4804-A56F-156F1240ABCD}.Debug|Any CPU.Build.0 = Debug|Any CPU
		{3236EA99-743A-4804-A56F-156F1240ABCD}.Debug|ARM.ActiveCfg = Debug|Any CPU
		{3236EA99-743A-4804-A56F-156F1240ABCD}.Debug|ARM.Build.0 = Debug|Any CPU
		{3236EA99-743A-4804-A56F-156F1240ABCD}.Debug|iPhone.ActiveCfg = Debug|Any CPU
		{3236EA99-743A-4804-A56F-156F1240ABCD}.Debug|iPhone.Build.0 = Debug|Any CPU
		{3236EA99-743A-4804-A56F-156F1240ABCD}.Debug|iPhoneSimulator.ActiveCfg = Debug|Any CPU
		{3236EA99-743A-4804-A56F-156F1240ABCD}.Debug|iPhoneSimulator.Build.0 = Debug|Any CPU
		{3236EA99-743A-4804-A56F-156F1240ABCD}.Debug|x64.ActiveCfg = Debug|Any CPU
		{3236EA99-743A-4804-A56F-156F1240ABCD}.Debug|x64.Build.0 = Debug|Any CPU
		{3236EA99-743A-4804-A56F-156F1240ABCD}.Debug|x86.ActiveCfg = Debug|Any CPU
		{3236EA99-743A-4804-A56F-156F1240ABCD}.Debug|x86.Build.0 = Debug|Any CPU
		{3236EA99-743A-4804-A56F-156F1240ABCD}.Release|Any CPU.ActiveCfg = Release|Any CPU
		{3236EA99-743A-4804-A56F-156F1240ABCD}.Release|Any CPU.Build.0 = Release|Any CPU
		{3236EA99-743A-4804-A56F-156F1240ABCD}.Release|ARM.ActiveCfg = Release|Any CPU
		{3236EA99-743A-4804-A56F-156F1240ABCD}.Release|ARM.Build.0 = Release|Any CPU
		{3236EA99-743A-4804-A56F-156F1240ABCD}.Release|iPhone.ActiveCfg = Release|Any CPU
		{3236EA99-743A-4804-A56F-156F1240ABCD}.Release|iPhone.Build.0 = Release|Any CPU
		{3236EA99-743A-4804-A56F-156F1240ABCD}.Release|iPhoneSimulator.ActiveCfg = Release|Any CPU
		{3236EA99-743A-4804-A56F-156F1240ABCD}.Release|iPhoneSimulator.Build.0 = Release|Any CPU
		{3236EA99-743A-4804-A56F-156F1240ABCD}.Release|x64.ActiveCfg = Release|Any CPU
		{3236EA99-743A-4804-A56F-156F1240ABCD}.Release|x64.Build.0 = Release|Any CPU
		{3236EA99-743A-4804-A56F-156F1240ABCD}.Release|x86.ActiveCfg = Release|Any CPU
		{3236EA99-743A-4804-A56F-156F1240ABCD}.Release|x86.Build.0 = Release|Any CPU
		{9DDF0851-5C6E-4201-A69C-0EDCD0103AE2}.Ad-Hoc|Any CPU.ActiveCfg = Release|Any CPU
		{9DDF0851-5C6E-4201-A69C-0EDCD0103AE2}.Ad-Hoc|Any CPU.Build.0 = Release|Any CPU
		{9DDF0851-5C6E-4201-A69C-0EDCD0103AE2}.Ad-Hoc|Any CPU.Deploy.0 = Release|Any CPU
		{9DDF0851-5C6E-4201-A69C-0EDCD0103AE2}.Ad-Hoc|ARM.ActiveCfg = Release|Any CPU
		{9DDF0851-5C6E-4201-A69C-0EDCD0103AE2}.Ad-Hoc|ARM.Build.0 = Release|Any CPU
		{9DDF0851-5C6E-4201-A69C-0EDCD0103AE2}.Ad-Hoc|ARM.Deploy.0 = Release|Any CPU
		{9DDF0851-5C6E-4201-A69C-0EDCD0103AE2}.Ad-Hoc|iPhone.ActiveCfg = Release|Any CPU
		{9DDF0851-5C6E-4201-A69C-0EDCD0103AE2}.Ad-Hoc|iPhone.Build.0 = Release|Any CPU
		{9DDF0851-5C6E-4201-A69C-0EDCD0103AE2}.Ad-Hoc|iPhone.Deploy.0 = Release|Any CPU
		{9DDF0851-5C6E-4201-A69C-0EDCD0103AE2}.Ad-Hoc|iPhoneSimulator.ActiveCfg = Release|Any CPU
		{9DDF0851-5C6E-4201-A69C-0EDCD0103AE2}.Ad-Hoc|iPhoneSimulator.Build.0 = Release|Any CPU
		{9DDF0851-5C6E-4201-A69C-0EDCD0103AE2}.Ad-Hoc|iPhoneSimulator.Deploy.0 = Release|Any CPU
		{9DDF0851-5C6E-4201-A69C-0EDCD0103AE2}.Ad-Hoc|x64.ActiveCfg = Release|Any CPU
		{9DDF0851-5C6E-4201-A69C-0EDCD0103AE2}.Ad-Hoc|x64.Build.0 = Release|Any CPU
		{9DDF0851-5C6E-4201-A69C-0EDCD0103AE2}.Ad-Hoc|x64.Deploy.0 = Release|Any CPU
		{9DDF0851-5C6E-4201-A69C-0EDCD0103AE2}.Ad-Hoc|x86.ActiveCfg = Release|Any CPU
		{9DDF0851-5C6E-4201-A69C-0EDCD0103AE2}.Ad-Hoc|x86.Build.0 = Release|Any CPU
		{9DDF0851-5C6E-4201-A69C-0EDCD0103AE2}.Ad-Hoc|x86.Deploy.0 = Release|Any CPU
		{9DDF0851-5C6E-4201-A69C-0EDCD0103AE2}.AppStore|Any CPU.ActiveCfg = Release|Any CPU
		{9DDF0851-5C6E-4201-A69C-0EDCD0103AE2}.AppStore|Any CPU.Build.0 = Release|Any CPU
		{9DDF0851-5C6E-4201-A69C-0EDCD0103AE2}.AppStore|Any CPU.Deploy.0 = Release|Any CPU
		{9DDF0851-5C6E-4201-A69C-0EDCD0103AE2}.AppStore|ARM.ActiveCfg = Release|Any CPU
		{9DDF0851-5C6E-4201-A69C-0EDCD0103AE2}.AppStore|ARM.Build.0 = Release|Any CPU
		{9DDF0851-5C6E-4201-A69C-0EDCD0103AE2}.AppStore|ARM.Deploy.0 = Release|Any CPU
		{9DDF0851-5C6E-4201-A69C-0EDCD0103AE2}.AppStore|iPhone.ActiveCfg = Release|Any CPU
		{9DDF0851-5C6E-4201-A69C-0EDCD0103AE2}.AppStore|iPhone.Build.0 = Release|Any CPU
		{9DDF0851-5C6E-4201-A69C-0EDCD0103AE2}.AppStore|iPhone.Deploy.0 = Release|Any CPU
		{9DDF0851-5C6E-4201-A69C-0EDCD0103AE2}.AppStore|iPhoneSimulator.ActiveCfg = Release|Any CPU
		{9DDF0851-5C6E-4201-A69C-0EDCD0103AE2}.AppStore|iPhoneSimulator.Build.0 = Release|Any CPU
		{9DDF0851-5C6E-4201-A69C-0EDCD0103AE2}.AppStore|iPhoneSimulator.Deploy.0 = Release|Any CPU
		{9DDF0851-5C6E-4201-A69C-0EDCD0103AE2}.AppStore|x64.ActiveCfg = Release|Any CPU
		{9DDF0851-5C6E-4201-A69C-0EDCD0103AE2}.AppStore|x64.Build.0 = Release|Any CPU
		{9DDF0851-5C6E-4201-A69C-0EDCD0103AE2}.AppStore|x64.Deploy.0 = Release|Any CPU
		{9DDF0851-5C6E-4201-A69C-0EDCD0103AE2}.AppStore|x86.ActiveCfg = Release|Any CPU
		{9DDF0851-5C6E-4201-A69C-0EDCD0103AE2}.AppStore|x86.Build.0 = Release|Any CPU
		{9DDF0851-5C6E-4201-A69C-0EDCD0103AE2}.AppStore|x86.Deploy.0 = Release|Any CPU
		{9DDF0851-5C6E-4201-A69C-0EDCD0103AE2}.Debug|Any CPU.ActiveCfg = Debug|Any CPU
		{9DDF0851-5C6E-4201-A69C-0EDCD0103AE2}.Debug|Any CPU.Build.0 = Debug|Any CPU
		{9DDF0851-5C6E-4201-A69C-0EDCD0103AE2}.Debug|Any CPU.Deploy.0 = Debug|Any CPU
		{9DDF0851-5C6E-4201-A69C-0EDCD0103AE2}.Debug|ARM.ActiveCfg = Debug|Any CPU
		{9DDF0851-5C6E-4201-A69C-0EDCD0103AE2}.Debug|ARM.Build.0 = Debug|Any CPU
		{9DDF0851-5C6E-4201-A69C-0EDCD0103AE2}.Debug|ARM.Deploy.0 = Debug|Any CPU
		{9DDF0851-5C6E-4201-A69C-0EDCD0103AE2}.Debug|iPhone.ActiveCfg = Debug|Any CPU
		{9DDF0851-5C6E-4201-A69C-0EDCD0103AE2}.Debug|iPhone.Build.0 = Debug|Any CPU
		{9DDF0851-5C6E-4201-A69C-0EDCD0103AE2}.Debug|iPhone.Deploy.0 = Debug|Any CPU
		{9DDF0851-5C6E-4201-A69C-0EDCD0103AE2}.Debug|iPhoneSimulator.ActiveCfg = Debug|Any CPU
		{9DDF0851-5C6E-4201-A69C-0EDCD0103AE2}.Debug|iPhoneSimulator.Build.0 = Debug|Any CPU
		{9DDF0851-5C6E-4201-A69C-0EDCD0103AE2}.Debug|iPhoneSimulator.Deploy.0 = Debug|Any CPU
		{9DDF0851-5C6E-4201-A69C-0EDCD0103AE2}.Debug|x64.ActiveCfg = Debug|Any CPU
		{9DDF0851-5C6E-4201-A69C-0EDCD0103AE2}.Debug|x64.Build.0 = Debug|Any CPU
		{9DDF0851-5C6E-4201-A69C-0EDCD0103AE2}.Debug|x64.Deploy.0 = Debug|Any CPU
		{9DDF0851-5C6E-4201-A69C-0EDCD0103AE2}.Debug|x86.ActiveCfg = Debug|Any CPU
		{9DDF0851-5C6E-4201-A69C-0EDCD0103AE2}.Debug|x86.Build.0 = Debug|Any CPU
		{9DDF0851-5C6E-4201-A69C-0EDCD0103AE2}.Debug|x86.Deploy.0 = Debug|Any CPU
		{9DDF0851-5C6E-4201-A69C-0EDCD0103AE2}.Release|Any CPU.ActiveCfg = Release|Any CPU
		{9DDF0851-5C6E-4201-A69C-0EDCD0103AE2}.Release|Any CPU.Build.0 = Release|Any CPU
		{9DDF0851-5C6E-4201-A69C-0EDCD0103AE2}.Release|Any CPU.Deploy.0 = Release|Any CPU
		{9DDF0851-5C6E-4201-A69C-0EDCD0103AE2}.Release|ARM.ActiveCfg = Release|Any CPU
		{9DDF0851-5C6E-4201-A69C-0EDCD0103AE2}.Release|ARM.Build.0 = Release|Any CPU
		{9DDF0851-5C6E-4201-A69C-0EDCD0103AE2}.Release|ARM.Deploy.0 = Release|Any CPU
		{9DDF0851-5C6E-4201-A69C-0EDCD0103AE2}.Release|iPhone.ActiveCfg = Release|Any CPU
		{9DDF0851-5C6E-4201-A69C-0EDCD0103AE2}.Release|iPhone.Build.0 = Release|Any CPU
		{9DDF0851-5C6E-4201-A69C-0EDCD0103AE2}.Release|iPhone.Deploy.0 = Release|Any CPU
		{9DDF0851-5C6E-4201-A69C-0EDCD0103AE2}.Release|iPhoneSimulator.ActiveCfg = Release|Any CPU
		{9DDF0851-5C6E-4201-A69C-0EDCD0103AE2}.Release|iPhoneSimulator.Build.0 = Release|Any CPU
		{9DDF0851-5C6E-4201-A69C-0EDCD0103AE2}.Release|iPhoneSimulator.Deploy.0 = Release|Any CPU
		{9DDF0851-5C6E-4201-A69C-0EDCD0103AE2}.Release|x64.ActiveCfg = Release|Any CPU
		{9DDF0851-5C6E-4201-A69C-0EDCD0103AE2}.Release|x64.Build.0 = Release|Any CPU
		{9DDF0851-5C6E-4201-A69C-0EDCD0103AE2}.Release|x64.Deploy.0 = Release|Any CPU
		{9DDF0851-5C6E-4201-A69C-0EDCD0103AE2}.Release|x86.ActiveCfg = Release|Any CPU
		{9DDF0851-5C6E-4201-A69C-0EDCD0103AE2}.Release|x86.Build.0 = Release|Any CPU
		{9DDF0851-5C6E-4201-A69C-0EDCD0103AE2}.Release|x86.Deploy.0 = Release|Any CPU
		{B8725AAE-5A35-4BF0-9C22-139A17254415}.Ad-Hoc|Any CPU.ActiveCfg = Release|iPhone
		{B8725AAE-5A35-4BF0-9C22-139A17254415}.Ad-Hoc|Any CPU.Build.0 = Release|iPhone
		{B8725AAE-5A35-4BF0-9C22-139A17254415}.Ad-Hoc|ARM.ActiveCfg = Release|iPhone
		{B8725AAE-5A35-4BF0-9C22-139A17254415}.Ad-Hoc|ARM.Build.0 = Release|iPhone
		{B8725AAE-5A35-4BF0-9C22-139A17254415}.Ad-Hoc|iPhone.ActiveCfg = Release|iPhone
		{B8725AAE-5A35-4BF0-9C22-139A17254415}.Ad-Hoc|iPhone.Build.0 = Release|iPhone
		{B8725AAE-5A35-4BF0-9C22-139A17254415}.Ad-Hoc|iPhoneSimulator.ActiveCfg = Release|iPhoneSimulator
		{B8725AAE-5A35-4BF0-9C22-139A17254415}.Ad-Hoc|iPhoneSimulator.Build.0 = Release|iPhoneSimulator
		{B8725AAE-5A35-4BF0-9C22-139A17254415}.Ad-Hoc|x64.ActiveCfg = Release|iPhone
		{B8725AAE-5A35-4BF0-9C22-139A17254415}.Ad-Hoc|x64.Build.0 = Release|iPhone
		{B8725AAE-5A35-4BF0-9C22-139A17254415}.Ad-Hoc|x86.ActiveCfg = Release|iPhone
		{B8725AAE-5A35-4BF0-9C22-139A17254415}.Ad-Hoc|x86.Build.0 = Release|iPhone
		{B8725AAE-5A35-4BF0-9C22-139A17254415}.AppStore|Any CPU.ActiveCfg = Release|iPhone
		{B8725AAE-5A35-4BF0-9C22-139A17254415}.AppStore|Any CPU.Build.0 = Release|iPhone
		{B8725AAE-5A35-4BF0-9C22-139A17254415}.AppStore|ARM.ActiveCfg = Release|iPhone
		{B8725AAE-5A35-4BF0-9C22-139A17254415}.AppStore|ARM.Build.0 = Release|iPhone
		{B8725AAE-5A35-4BF0-9C22-139A17254415}.AppStore|iPhone.ActiveCfg = Release|iPhone
		{B8725AAE-5A35-4BF0-9C22-139A17254415}.AppStore|iPhone.Build.0 = Release|iPhone
		{B8725AAE-5A35-4BF0-9C22-139A17254415}.AppStore|iPhoneSimulator.ActiveCfg = Release|iPhoneSimulator
		{B8725AAE-5A35-4BF0-9C22-139A17254415}.AppStore|iPhoneSimulator.Build.0 = Release|iPhoneSimulator
		{B8725AAE-5A35-4BF0-9C22-139A17254415}.AppStore|x64.ActiveCfg = Release|iPhone
		{B8725AAE-5A35-4BF0-9C22-139A17254415}.AppStore|x64.Build.0 = Release|iPhone
		{B8725AAE-5A35-4BF0-9C22-139A17254415}.AppStore|x86.ActiveCfg = Release|iPhone
		{B8725AAE-5A35-4BF0-9C22-139A17254415}.AppStore|x86.Build.0 = Release|iPhone
		{B8725AAE-5A35-4BF0-9C22-139A17254415}.Debug|Any CPU.ActiveCfg = Debug|iPhone
		{B8725AAE-5A35-4BF0-9C22-139A17254415}.Debug|ARM.ActiveCfg = Debug|iPhone
		{B8725AAE-5A35-4BF0-9C22-139A17254415}.Debug|iPhone.ActiveCfg = Debug|iPhone
		{B8725AAE-5A35-4BF0-9C22-139A17254415}.Debug|iPhone.Build.0 = Debug|iPhone
		{B8725AAE-5A35-4BF0-9C22-139A17254415}.Debug|iPhoneSimulator.ActiveCfg = Debug|iPhoneSimulator
		{B8725AAE-5A35-4BF0-9C22-139A17254415}.Debug|iPhoneSimulator.Build.0 = Debug|iPhoneSimulator
		{B8725AAE-5A35-4BF0-9C22-139A17254415}.Debug|x64.ActiveCfg = Debug|iPhone
		{B8725AAE-5A35-4BF0-9C22-139A17254415}.Debug|x86.ActiveCfg = Debug|iPhone
		{B8725AAE-5A35-4BF0-9C22-139A17254415}.Release|Any CPU.ActiveCfg = Release|iPhone
		{B8725AAE-5A35-4BF0-9C22-139A17254415}.Release|ARM.ActiveCfg = Release|iPhone
		{B8725AAE-5A35-4BF0-9C22-139A17254415}.Release|iPhone.ActiveCfg = Release|iPhone
		{B8725AAE-5A35-4BF0-9C22-139A17254415}.Release|iPhone.Build.0 = Release|iPhone
		{B8725AAE-5A35-4BF0-9C22-139A17254415}.Release|iPhoneSimulator.ActiveCfg = Release|iPhoneSimulator
		{B8725AAE-5A35-4BF0-9C22-139A17254415}.Release|iPhoneSimulator.Build.0 = Release|iPhoneSimulator
		{B8725AAE-5A35-4BF0-9C22-139A17254415}.Release|x64.ActiveCfg = Release|iPhone
		{B8725AAE-5A35-4BF0-9C22-139A17254415}.Release|x86.ActiveCfg = Release|iPhone
		{3A9EFC06-1765-4428-84A3-009B696B0CD8}.Ad-Hoc|Any CPU.ActiveCfg = Release|x86
		{3A9EFC06-1765-4428-84A3-009B696B0CD8}.Ad-Hoc|Any CPU.Build.0 = Release|x86
		{3A9EFC06-1765-4428-84A3-009B696B0CD8}.Ad-Hoc|Any CPU.Deploy.0 = Release|x86
		{3A9EFC06-1765-4428-84A3-009B696B0CD8}.Ad-Hoc|ARM.ActiveCfg = Release|ARM
		{3A9EFC06-1765-4428-84A3-009B696B0CD8}.Ad-Hoc|ARM.Build.0 = Release|ARM
		{3A9EFC06-1765-4428-84A3-009B696B0CD8}.Ad-Hoc|ARM.Deploy.0 = Release|ARM
		{3A9EFC06-1765-4428-84A3-009B696B0CD8}.Ad-Hoc|iPhone.ActiveCfg = Release|x86
		{3A9EFC06-1765-4428-84A3-009B696B0CD8}.Ad-Hoc|iPhone.Build.0 = Release|x86
		{3A9EFC06-1765-4428-84A3-009B696B0CD8}.Ad-Hoc|iPhone.Deploy.0 = Release|x86
		{3A9EFC06-1765-4428-84A3-009B696B0CD8}.Ad-Hoc|iPhoneSimulator.ActiveCfg = Release|x86
		{3A9EFC06-1765-4428-84A3-009B696B0CD8}.Ad-Hoc|iPhoneSimulator.Build.0 = Release|x86
		{3A9EFC06-1765-4428-84A3-009B696B0CD8}.Ad-Hoc|iPhoneSimulator.Deploy.0 = Release|x86
		{3A9EFC06-1765-4428-84A3-009B696B0CD8}.Ad-Hoc|x64.ActiveCfg = Release|x64
		{3A9EFC06-1765-4428-84A3-009B696B0CD8}.Ad-Hoc|x64.Build.0 = Release|x64
		{3A9EFC06-1765-4428-84A3-009B696B0CD8}.Ad-Hoc|x64.Deploy.0 = Release|x64
		{3A9EFC06-1765-4428-84A3-009B696B0CD8}.Ad-Hoc|x86.ActiveCfg = Release|x86
		{3A9EFC06-1765-4428-84A3-009B696B0CD8}.Ad-Hoc|x86.Build.0 = Release|x86
		{3A9EFC06-1765-4428-84A3-009B696B0CD8}.Ad-Hoc|x86.Deploy.0 = Release|x86
		{3A9EFC06-1765-4428-84A3-009B696B0CD8}.AppStore|Any CPU.ActiveCfg = Release|x86
		{3A9EFC06-1765-4428-84A3-009B696B0CD8}.AppStore|Any CPU.Build.0 = Release|x86
		{3A9EFC06-1765-4428-84A3-009B696B0CD8}.AppStore|Any CPU.Deploy.0 = Release|x86
		{3A9EFC06-1765-4428-84A3-009B696B0CD8}.AppStore|ARM.ActiveCfg = Release|ARM
		{3A9EFC06-1765-4428-84A3-009B696B0CD8}.AppStore|ARM.Build.0 = Release|ARM
		{3A9EFC06-1765-4428-84A3-009B696B0CD8}.AppStore|ARM.Deploy.0 = Release|ARM
		{3A9EFC06-1765-4428-84A3-009B696B0CD8}.AppStore|iPhone.ActiveCfg = Release|x86
		{3A9EFC06-1765-4428-84A3-009B696B0CD8}.AppStore|iPhone.Build.0 = Release|x86
		{3A9EFC06-1765-4428-84A3-009B696B0CD8}.AppStore|iPhone.Deploy.0 = Release|x86
		{3A9EFC06-1765-4428-84A3-009B696B0CD8}.AppStore|iPhoneSimulator.ActiveCfg = Release|x86
		{3A9EFC06-1765-4428-84A3-009B696B0CD8}.AppStore|iPhoneSimulator.Build.0 = Release|x86
		{3A9EFC06-1765-4428-84A3-009B696B0CD8}.AppStore|iPhoneSimulator.Deploy.0 = Release|x86
		{3A9EFC06-1765-4428-84A3-009B696B0CD8}.AppStore|x64.ActiveCfg = Release|x64
		{3A9EFC06-1765-4428-84A3-009B696B0CD8}.AppStore|x64.Build.0 = Release|x64
		{3A9EFC06-1765-4428-84A3-009B696B0CD8}.AppStore|x64.Deploy.0 = Release|x64
		{3A9EFC06-1765-4428-84A3-009B696B0CD8}.AppStore|x86.ActiveCfg = Release|x86
		{3A9EFC06-1765-4428-84A3-009B696B0CD8}.AppStore|x86.Build.0 = Release|x86
		{3A9EFC06-1765-4428-84A3-009B696B0CD8}.AppStore|x86.Deploy.0 = Release|x86
		{3A9EFC06-1765-4428-84A3-009B696B0CD8}.Debug|Any CPU.ActiveCfg = Debug|x86
		{3A9EFC06-1765-4428-84A3-009B696B0CD8}.Debug|ARM.ActiveCfg = Debug|ARM
		{3A9EFC06-1765-4428-84A3-009B696B0CD8}.Debug|ARM.Build.0 = Debug|ARM
		{3A9EFC06-1765-4428-84A3-009B696B0CD8}.Debug|ARM.Deploy.0 = Debug|ARM
		{3A9EFC06-1765-4428-84A3-009B696B0CD8}.Debug|iPhone.ActiveCfg = Debug|x86
		{3A9EFC06-1765-4428-84A3-009B696B0CD8}.Debug|iPhoneSimulator.ActiveCfg = Debug|x86
		{3A9EFC06-1765-4428-84A3-009B696B0CD8}.Debug|x64.ActiveCfg = Debug|x64
		{3A9EFC06-1765-4428-84A3-009B696B0CD8}.Debug|x64.Build.0 = Debug|x64
		{3A9EFC06-1765-4428-84A3-009B696B0CD8}.Debug|x64.Deploy.0 = Debug|x64
		{3A9EFC06-1765-4428-84A3-009B696B0CD8}.Debug|x86.ActiveCfg = Debug|x86
		{3A9EFC06-1765-4428-84A3-009B696B0CD8}.Debug|x86.Build.0 = Debug|x86
		{3A9EFC06-1765-4428-84A3-009B696B0CD8}.Debug|x86.Deploy.0 = Debug|x86
		{3A9EFC06-1765-4428-84A3-009B696B0CD8}.Release|Any CPU.ActiveCfg = Release|x86
		{3A9EFC06-1765-4428-84A3-009B696B0CD8}.Release|ARM.ActiveCfg = Release|ARM
		{3A9EFC06-1765-4428-84A3-009B696B0CD8}.Release|ARM.Build.0 = Release|ARM
		{3A9EFC06-1765-4428-84A3-009B696B0CD8}.Release|ARM.Deploy.0 = Release|ARM
		{3A9EFC06-1765-4428-84A3-009B696B0CD8}.Release|iPhone.ActiveCfg = Release|x86
		{3A9EFC06-1765-4428-84A3-009B696B0CD8}.Release|iPhoneSimulator.ActiveCfg = Release|x86
		{3A9EFC06-1765-4428-84A3-009B696B0CD8}.Release|x64.ActiveCfg = Release|x64
		{3A9EFC06-1765-4428-84A3-009B696B0CD8}.Release|x64.Build.0 = Release|x64
		{3A9EFC06-1765-4428-84A3-009B696B0CD8}.Release|x64.Deploy.0 = Release|x64
		{3A9EFC06-1765-4428-84A3-009B696B0CD8}.Release|x86.ActiveCfg = Release|x86
		{3A9EFC06-1765-4428-84A3-009B696B0CD8}.Release|x86.Build.0 = Release|x86
		{3A9EFC06-1765-4428-84A3-009B696B0CD8}.Release|x86.Deploy.0 = Release|x86
	EndGlobalSection
	GlobalSection(SolutionProperties) = preSolution
		HideSolutionNode = FALSE
	EndGlobalSection
	GlobalSection(NestedProjects) = preSolution
		{47FFB32E-1326-4FD6-B5C0-CA2FB5779399} = {2FAE3D6F-8473-40AC-B4B4-4D2DF5C0DBA6}
		{B480E428-FC1E-4A04-91CB-2DA661410FD6} = {2FAE3D6F-8473-40AC-B4B4-4D2DF5C0DBA6}
		{CB02FC60-BFB9-49AD-8BC2-441981455575} = {2FAE3D6F-8473-40AC-B4B4-4D2DF5C0DBA6}
		{35D3D9C9-6488-4FD6-A9DC-FA3CF14A2A8F} = {36C8ED3C-3221-4DCA-ACAC-B3F2EA5923E2}
		{74A5E7E1-F02F-44FC-869B-1558E9A5A69C} = {36C8ED3C-3221-4DCA-ACAC-B3F2EA5923E2}
		{18AEB4BE-AFD5-470F-B0D6-B37242CC02D8} = {36C8ED3C-3221-4DCA-ACAC-B3F2EA5923E2}
		{7D7DB65E-433C-4550-B98B-E300E4BF09D2} = {74A5E7E1-F02F-44FC-869B-1558E9A5A69C}
		{FF014B69-8BF0-454D-B453-FB273260DADB} = {35D3D9C9-6488-4FD6-A9DC-FA3CF14A2A8F}
		{000560EC-1A6C-4FE1-81A0-96C9128CB7F9} = {18AEB4BE-AFD5-470F-B0D6-B37242CC02D8}
		{3236EA99-743A-4804-A56F-156F1240ABCD} = {0AFEF9CD-7F0A-42C0-96BE-FD9DE5DD5DF4}
		{9DDF0851-5C6E-4201-A69C-0EDCD0103AE2} = {0AFEF9CD-7F0A-42C0-96BE-FD9DE5DD5DF4}
		{B8725AAE-5A35-4BF0-9C22-139A17254415} = {0AFEF9CD-7F0A-42C0-96BE-FD9DE5DD5DF4}
		{3A9EFC06-1765-4428-84A3-009B696B0CD8} = {0AFEF9CD-7F0A-42C0-96BE-FD9DE5DD5DF4}
	EndGlobalSection
EndGlobal
